
Microsoft Visual Studio Solution File, Format Version 12.00
# Visual Studio 14
VisualStudioVersion = 14.0.25420.1
MinimumVisualStudioVersion = 10.0.40219.1
Project("{FAE04EC0-301F-11D3-BF4B-00C04F79EFBC}") = "WebAnalyzer", "WebAnalyzer\WebAnalyzer.csproj", "{D4FFA9A9-9633-491D-8AB5-2897FA4117A1}"
EndProject
Project("{FAE04EC0-301F-11D3-BF4B-00C04F79EFBC}") = "Funda", "Funda\Funda.csproj", "{D0BF1DE1-9A6C-4465-B50E-2BC2C185D5E3}"
EndProject
Project("{2150E333-8FDC-42A3-9474-1A3956D46DE8}") = "SqlScripts", "SqlScripts", "{09F647FF-CED5-434E-BA87-F9AD0DDFB89E}"
	ProjectSection(SolutionItems) = preProject
		AnalizeSuBendrabuciais.sql = AnalizeSuBendrabuciais.sql
		AroudasAnalyis.sql = AroudasAnalyis.sql
		AroudasRajonai.sql = AroudasRajonai.sql
		GoodDeals.sql = GoodDeals.sql
		LTGoodDeals.sql = LTGoodDeals.sql
		PricePerPostcode.sql = PricePerPostcode.sql
		SkelbimaiSubendrabuciais.sql = SkelbimaiSubendrabuciais.sql
		SqMeterToRentSqMeterPriceRatio.sql = SqMeterToRentSqMeterPriceRatio.sql
		SuBendrabuciais.sql = SuBendrabuciais.sql
	EndProjectSection
EndProject
Project("{FAE04EC0-301F-11D3-BF4B-00C04F79EFBC}") = "ConsoleLauncher", "ConsoleLauncher\ConsoleLauncher.csproj", "{CB753B34-5D29-4AB7-9F03-0E39087687E1}"
EndProject
Global
	GlobalSection(SolutionConfigurationPlatforms) = preSolution
		Debug|Any CPU = Debug|Any CPU
		Release|Any CPU = Release|Any CPU
	EndGlobalSection
	GlobalSection(ProjectConfigurationPlatforms) = postSolution
		{D4FFA9A9-9633-491D-8AB5-2897FA4117A1}.Debug|Any CPU.ActiveCfg = Debug|Any CPU
		{D4FFA9A9-9633-491D-8AB5-2897FA4117A1}.Debug|Any CPU.Build.0 = Debug|Any CPU
		{D4FFA9A9-9633-491D-8AB5-2897FA4117A1}.Release|Any CPU.ActiveCfg = Release|Any CPU
		{D4FFA9A9-9633-491D-8AB5-2897FA4117A1}.Release|Any CPU.Build.0 = Release|Any CPU
		{D0BF1DE1-9A6C-4465-B50E-2BC2C185D5E3}.Debug|Any CPU.ActiveCfg = Debug|Any CPU
		{D0BF1DE1-9A6C-4465-B50E-2BC2C185D5E3}.Debug|Any CPU.Build.0 = Debug|Any CPU
		{D0BF1DE1-9A6C-4465-B50E-2BC2C185D5E3}.Release|Any CPU.ActiveCfg = Release|Any CPU
		{D0BF1DE1-9A6C-4465-B50E-2BC2C185D5E3}.Release|Any CPU.Build.0 = Release|Any CPU
		{CB753B34-5D29-4AB7-9F03-0E39087687E1}.Debug|Any CPU.ActiveCfg = Debug|Any CPU
		{CB753B34-5D29-4AB7-9F03-0E39087687E1}.Debug|Any CPU.Build.0 = Debug|Any CPU
		{CB753B34-5D29-4AB7-9F03-0E39087687E1}.Release|Any CPU.ActiveCfg = Release|Any CPU
		{CB753B34-5D29-4AB7-9F03-0E39087687E1}.Release|Any CPU.Build.0 = Release|Any CPU
	EndGlobalSection
	GlobalSection(SolutionProperties) = preSolution
		HideSolutionNode = FALSE
	EndGlobalSection
EndGlobal
